
Microsoft Visual Studio Solution File, Format Version 12.00
# Visual Studio Version 17
VisualStudioVersion = 17.14.36301.6 d17.14
MinimumVisualStudioVersion = 10.0.40219.1
Project("{FAE04EC0-301F-11D3-BF4B-00C04F79EFBC}") = "ManyJobs", "ManyJobs.csproj", "{04C24261-C0F9-CB3A-620C-E26F98FCA9D8}"
EndProject
Global
	GlobalSection(SolutionConfigurationPlatforms) = preSolution
		Debug|Any CPU = Debug|Any CPU
		Release|Any CPU = Release|Any CPU
	EndGlobalSection
	GlobalSection(ProjectConfigurationPlatforms) = postSolution
		{04C24261-C0F9-CB3A-620C-E26F98FCA9D8}.Debug|Any CPU.ActiveCfg = Debug|Any CPU
		{04C24261-C0F9-CB3A-620C-E26F98FCA9D8}.Debug|Any CPU.Build.0 = Debug|Any CPU
		{04C24261-C0F9-CB3A-620C-E26F98FCA9D8}.Release|Any CPU.ActiveCfg = Release|Any CPU
		{04C24261-C0F9-CB3A-620C-E26F98FCA9D8}.Release|Any CPU.Build.0 = Release|Any CPU
	EndGlobalSection
	GlobalSection(SolutionProperties) = preSolution
		HideSolutionNode = FALSE
	EndGlobalSection
	GlobalSection(ExtensibilityGlobals) = postSolution
		SolutionGuid = {1F2CD5BE-02BC-4C3B-AB69-576AD8DF6CE9}
	EndGlobalSection
EndGlobal
